
Microsoft Visual Studio Solution File, Format Version 12.00
# Visual Studio Version 16
VisualStudioVersion = 16.0.30907.101
MinimumVisualStudioVersion = 10.0.40219.1
Project("{FAE04EC0-301F-11D3-BF4B-00C04F79EFBC}") = "Business", "Business\Business.csproj", "{C931BCF1-7797-4B09-92D8-F15905733D5F}"
EndProject
Project("{FAE04EC0-301F-11D3-BF4B-00C04F79EFBC}") = "DataAccess", "DataAccess\DataAccess.csproj", "{E6497585-B506-4E4D-9BA8-4E58AF99A109}"
EndProject
Project("{FAE04EC0-301F-11D3-BF4B-00C04F79EFBC}") = "Entities", "Entities\Entities.csproj", "{8FBF2679-6CEB-462E-AC9D-7064DA7BF1FE}"
EndProject
Project("{FAE04EC0-301F-11D3-BF4B-00C04F79EFBC}") = "ConsoleUI", "ConsoleUI\ConsoleUI.csproj", "{CA57D69A-E05F-49C5-8539-1A22260DD713}"
EndProject
Global
	GlobalSection(SolutionConfigurationPlatforms) = preSolution
		Debug|Any CPU = Debug|Any CPU
		Release|Any CPU = Release|Any CPU
	EndGlobalSection
	GlobalSection(ProjectConfigurationPlatforms) = postSolution
		{C931BCF1-7797-4B09-92D8-F15905733D5F}.Debug|Any CPU.ActiveCfg = Debug|Any CPU
		{C931BCF1-7797-4B09-92D8-F15905733D5F}.Debug|Any CPU.Build.0 = Debug|Any CPU
		{C931BCF1-7797-4B09-92D8-F15905733D5F}.Release|Any CPU.ActiveCfg = Release|Any CPU
		{C931BCF1-7797-4B09-92D8-F15905733D5F}.Release|Any CPU.Build.0 = Release|Any CPU
		{E6497585-B506-4E4D-9BA8-4E58AF99A109}.Debug|Any CPU.ActiveCfg = Debug|Any CPU
		{E6497585-B506-4E4D-9BA8-4E58AF99A109}.Debug|Any CPU.Build.0 = Debug|Any CPU
		{E6497585-B506-4E4D-9BA8-4E58AF99A109}.Release|Any CPU.ActiveCfg = Release|Any CPU
		{E6497585-B506-4E4D-9BA8-4E58AF99A109}.Release|Any CPU.Build.0 = Release|Any CPU
		{8FBF2679-6CEB-462E-AC9D-7064DA7BF1FE}.Debug|Any CPU.ActiveCfg = Debug|Any CPU
		{8FBF2679-6CEB-462E-AC9D-7064DA7BF1FE}.Debug|Any CPU.Build.0 = Debug|Any CPU
		{8FBF2679-6CEB-462E-AC9D-7064DA7BF1FE}.Release|Any CPU.ActiveCfg = Release|Any CPU
		{8FBF2679-6CEB-462E-AC9D-7064DA7BF1FE}.Release|Any CPU.Build.0 = Release|Any CPU
		{CA57D69A-E05F-49C5-8539-1A22260DD713}.Debug|Any CPU.ActiveCfg = Debug|Any CPU
		{CA57D69A-E05F-49C5-8539-1A22260DD713}.Debug|Any CPU.Build.0 = Debug|Any CPU
		{CA57D69A-E05F-49C5-8539-1A22260DD713}.Release|Any CPU.ActiveCfg = Release|Any CPU
		{CA57D69A-E05F-49C5-8539-1A22260DD713}.Release|Any CPU.Build.0 = Release|Any CPU
	EndGlobalSection
	GlobalSection(SolutionProperties) = preSolution
		HideSolutionNode = FALSE
	EndGlobalSection
	GlobalSection(ExtensibilityGlobals) = postSolution
		SolutionGuid = {17139050-BB2D-4796-840E-F5702E69AA66}
	EndGlobalSection
EndGlobal
